
Microsoft Visual Studio Solution File, Format Version 12.00
# Visual Studio Version 17
VisualStudioVersion = 17.1.32407.343
MinimumVisualStudioVersion = 10.0.40219.1
Project("{FAE04EC0-301F-11D3-BF4B-00C04F79EFBC}") = "loginTest", "loginTest\loginTest.csproj", "{59C0DA4C-CEBE-4D7E-9F13-743DB2D615A1}"
EndProject
Global
	GlobalSection(SolutionConfigurationPlatforms) = preSolution
		Debug|Any CPU = Debug|Any CPU
		Release|Any CPU = Release|Any CPU
	EndGlobalSection
	GlobalSection(ProjectConfigurationPlatforms) = postSolution
		{59C0DA4C-CEBE-4D7E-9F13-743DB2D615A1}.Debug|Any CPU.ActiveCfg = Debug|Any CPU
		{59C0DA4C-CEBE-4D7E-9F13-743DB2D615A1}.Debug|Any CPU.Build.0 = Debug|Any CPU
		{59C0DA4C-CEBE-4D7E-9F13-743DB2D615A1}.Release|Any CPU.ActiveCfg = Release|Any CPU
		{59C0DA4C-CEBE-4D7E-9F13-743DB2D615A1}.Release|Any CPU.Build.0 = Release|Any CPU
	EndGlobalSection
	GlobalSection(SolutionProperties) = preSolution
		HideSolutionNode = FALSE
	EndGlobalSection
	GlobalSection(ExtensibilityGlobals) = postSolution
		SolutionGuid = {590953A1-6564-47BC-A1E7-007BCE3287EF}
	EndGlobalSection
EndGlobal
